
Microsoft Visual Studio Solution File, Format Version 12.00
# Visual Studio 15
VisualStudioVersion = 15.0.26430.16
MinimumVisualStudioVersion = 10.0.40219.1
Project("{FAE04EC0-301F-11D3-BF4B-00C04F79EFBC}") = "testCloneOnLinux", "testCloneOnLinux\testCloneOnLinux.csproj", "{C887E2E9-549D-48A1-BA3A-23B2C0BB0F70}"
EndProject
Global
	GlobalSection(SolutionConfigurationPlatforms) = preSolution
		Debug|Any CPU = Debug|Any CPU
		Release|Any CPU = Release|Any CPU
	EndGlobalSection
	GlobalSection(ProjectConfigurationPlatforms) = postSolution
		{C887E2E9-549D-48A1-BA3A-23B2C0BB0F70}.Debug|Any CPU.ActiveCfg = Debug|Any CPU
		{C887E2E9-549D-48A1-BA3A-23B2C0BB0F70}.Debug|Any CPU.Build.0 = Debug|Any CPU
		{C887E2E9-549D-48A1-BA3A-23B2C0BB0F70}.Release|Any CPU.ActiveCfg = Release|Any CPU
		{C887E2E9-549D-48A1-BA3A-23B2C0BB0F70}.Release|Any CPU.Build.0 = Release|Any CPU
	EndGlobalSection
	GlobalSection(SolutionProperties) = preSolution
		HideSolutionNode = FALSE
	EndGlobalSection
EndGlobal
